
Microsoft Visual Studio Solution File, Format Version 12.00
# Visual Studio Version 17
VisualStudioVersion = 17.3.32825.248
MinimumVisualStudioVersion = 10.0.40219.1
Project("{FAE04EC0-301F-11D3-BF4B-00C04F79EFBC}") = "Advent of Code 2022", "Advent of Code 2022\Advent of Code 2022.csproj", "{7C188CFF-0457-429B-A276-FBC52715B993}"
EndProject
Global
	GlobalSection(SolutionConfigurationPlatforms) = preSolution
		Debug|Any CPU = Debug|Any CPU
		Release|Any CPU = Release|Any CPU
	EndGlobalSection
	GlobalSection(ProjectConfigurationPlatforms) = postSolution
		{7C188CFF-0457-429B-A276-FBC52715B993}.Debug|Any CPU.ActiveCfg = Debug|Any CPU
		{7C188CFF-0457-429B-A276-FBC52715B993}.Debug|Any CPU.Build.0 = Debug|Any CPU
		{7C188CFF-0457-429B-A276-FBC52715B993}.Release|Any CPU.ActiveCfg = Release|Any CPU
		{7C188CFF-0457-429B-A276-FBC52715B993}.Release|Any CPU.Build.0 = Release|Any CPU
	EndGlobalSection
	GlobalSection(SolutionProperties) = preSolution
		HideSolutionNode = FALSE
	EndGlobalSection
	GlobalSection(ExtensibilityGlobals) = postSolution
		SolutionGuid = {9721706B-FCA2-4A50-9BA3-6608760698E5}
	EndGlobalSection
EndGlobal
